<?xml version="1.0" encoding="utf-8"?>
<Project ToolsVersion="4.0" xmlns="http://schemas.microsoft.com/developer/msbuild/2003">
  <ItemGroup>
    <Filter Include="Source Files">
      <UniqueIdentifier>{4FC737F1-C7A5-4376-A066-2A32D752A2FF}</UniqueIdentifier>
      <Extensions>cpp;c;cc;cxx;c++;cppm;ixx;def;odl;idl;hpj;bat;asm;asmx</Extensions>
    </Filter>
    <Filter Include="Header Files">
      <UniqueIdentifier>{93995380-89BD-4b04-88EB-625FBE52EBFB}</UniqueIdentifier>
      <Extensions>h;hh;hpp;hxx;h++;hm;inl;inc;ipp;xsd</Extensions>
    </Filter>
    <Filter Include="Resource Files">
      <UniqueIdentifier>{67DA6AB6-F800-4c08-8B7A-83BB121AAD01}</UniqueIdentifier>
      <Extensions>rc;ico;cur;bmp;dlg;rc2;rct;bin;rgs;gif;jpg;jpeg;jpe;resx;tiff;tif;png;wav;mfcribbon-ms</Extensions>
    </Filter>
  </ItemGroup>
  <ItemGroup>
    <ClInclude Include="Type.h">
      <Filter>Header Files</Filter>
    </ClInclude>
    <ClInclude Include="unit.h">
      <Filter>Header Files</Filter>
    </ClInclude>
    <ClInclude Include="Priority\LinkedQueue.h">
      <Filter>Header Files</Filter>
    </ClInclude>
    <ClInclude Include="Priority\NodeP.h">
      <Filter>Header Files</Filter>
    </ClInclude>
    <ClInclude Include="Priority\PriorityQueue.h">
      <Filter>Header Files</Filter>
    </ClInclude>
    <ClInclude Include="Priority\QueueADT.h">
      <Filter>Header Files</Filter>
    </ClInclude>
    <ClInclude Include="Game\Game.h">
      <Filter>Header Files</Filter>
    </ClInclude>
    <ClInclude Include="Game\RandGen.h">
      <Filter>Header Files</Filter>
    </ClInclude>
    <ClInclude Include="EarthForces\EarthGunnery.h">
      <Filter>Header Files</Filter>
    </ClInclude>
    <ClInclude Include="EarthForces\EarthSoldiers.h">
      <Filter>Header Files</Filter>
    </ClInclude>
    <ClInclude Include="EarthForces\EarthTank.h">
      <Filter>Header Files</Filter>
    </ClInclude>
    <ClInclude Include="EarthForces\EarthArmy.h">
      <Filter>Header Files</Filter>
    </ClInclude>
    <ClInclude Include="Alien Forces\AlienArmy.h">
      <Filter>Header Files</Filter>
    </ClInclude>
    <ClInclude Include="Alien Forces\AlienSoldiers.h">
      <Filter>Header Files</Filter>
    </ClInclude>
    <ClInclude Include="Alien Forces\AlienMonsters.h">
      <Filter>Header Files</Filter>
    </ClInclude>
    <ClInclude Include="Alien Forces\AlienDrones.h">
      <Filter>Header Files</Filter>
    </ClInclude>
    <ClInclude Include="DS\LinkedQueue.h">
      <Filter>Header Files</Filter>
    </ClInclude>
    <ClInclude Include="DS\Node.h">
      <Filter>Header Files</Filter>
    </ClInclude>
    <ClInclude Include="DS\QueueADT.h">
      <Filter>Header Files</Filter>
    </ClInclude>
    <ClInclude Include="DS\StackADT.h">
      <Filter>Header Files</Filter>
    </ClInclude>
    <ClInclude Include="DS\priNode.h">
      <Filter>Header Files</Filter>
    </ClInclude>
    <ClInclude Include="DS\priQueue.h">
      <Filter>Header Files</Filter>
    </ClInclude>
    <ClInclude Include="DS\LinkedStack.h">
      <Filter>Header Files</Filter>
    </ClInclude>
    <ClInclude Include="DS\DoubleNode.h">
      <Filter>Header Files</Filter>
    </ClInclude>
    <ClInclude Include="DS\DoubleQueue.h">
      <Filter>Header Files</Filter>
    </ClInclude>
  </ItemGroup>
  <ItemGroup>
    <ClCompile Include="unit.cpp">
      <Filter>Source Files</Filter>
    </ClCompile>
    <ClCompile Include="Main.cpp">
      <Filter>Source Files</Filter>
    </ClCompile>
    <ClCompile Include="Game\Game.cpp">
      <Filter>Source Files</Filter>
    </ClCompile>
    <ClCompile Include="Game\RandGen.cpp">
      <Filter>Source Files</Filter>
    </ClCompile>
    <ClCompile Include="EarthForces\EarthGunnery.cpp">
      <Filter>Source Files</Filter>
    </ClCompile>
    <ClCompile Include="EarthForces\EarthSoldiers.cpp">
      <Filter>Source Files</Filter>
    </ClCompile>
    <ClCompile Include="EarthForces\EarthTank.cpp">
      <Filter>Source Files</Filter>
    </ClCompile>
    <ClCompile Include="EarthForces\EarthArmy.cpp">
      <Filter>Source Files</Filter>
    </ClCompile>
    <ClCompile Include="Alien Forces\AlienArmy.cpp">
      <Filter>Source Files</Filter>
    </ClCompile>
    <ClCompile Include="Alien Forces\AlienSoldiers.cpp">
      <Filter>Source Files</Filter>
    </ClCompile>
    <ClCompile Include="Alien Forces\AlienDrones.cpp">
      <Filter>Source Files</Filter>
    </ClCompile>
    <ClCompile Include="Alien Forces\AlienMonsters.cpp">
      <Filter>Source Files</Filter>
    </ClCompile>
  </ItemGroup>
  <ItemGroup>
    <Text Include="Try.txt" />
  </ItemGroup>
</Project>